
Microsoft Visual Studio Solution File, Format Version 12.00
# Visual Studio Version 17
VisualStudioVersion = 17.13.35931.197 d17.13
MinimumVisualStudioVersion = 10.0.40219.1
Project("{FAE04EC0-301F-11D3-BF4B-00C04F79EFBC}") = "RecipeApp", "RecipeApp\RecipeApp.csproj", "{49E3A6BF-BBE4-4FBE-A621-D681B6DE7BC3}"
EndProject
Global
	GlobalSection(SolutionConfigurationPlatforms) = preSolution
		Debug|Any CPU = Debug|Any CPU
		Release|Any CPU = Release|Any CPU
	EndGlobalSection
	GlobalSection(ProjectConfigurationPlatforms) = postSolution
		{49E3A6BF-BBE4-4FBE-A621-D681B6DE7BC3}.Debug|Any CPU.ActiveCfg = Debug|Any CPU
		{49E3A6BF-BBE4-4FBE-A621-D681B6DE7BC3}.Debug|Any CPU.Build.0 = Debug|Any CPU
		{49E3A6BF-BBE4-4FBE-A621-D681B6DE7BC3}.Release|Any CPU.ActiveCfg = Release|Any CPU
		{49E3A6BF-BBE4-4FBE-A621-D681B6DE7BC3}.Release|Any CPU.Build.0 = Release|Any CPU
	EndGlobalSection
	GlobalSection(SolutionProperties) = preSolution
		HideSolutionNode = FALSE
	EndGlobalSection
	GlobalSection(ExtensibilityGlobals) = postSolution
		SolutionGuid = {CCC92D42-2587-40FC-A1E3-93DD5FA00E81}
	EndGlobalSection
EndGlobal
